// !$*UTF8*$!
{
	archiveVersion = 1;
	classes = {
	};
	objectVersion = 50;
	objects = {

/* Begin PBXBuildFile section */
		6526F8D425786D7800538E14 /* AppDelegate.swift in Sources */ = {isa = PBXBuildFile; fileRef = 6526F8D325786D7800538E14 /* AppDelegate.swift */; };
		6526F8D625786D7800538E14 /* SceneDelegate.swift in Sources */ = {isa = PBXBuildFile; fileRef = 6526F8D525786D7800538E14 /* SceneDelegate.swift */; };
		6526F8D825786D7800538E14 /* ViewController.swift in Sources */ = {isa = PBXBuildFile; fileRef = 6526F8D725786D7800538E14 /* ViewController.swift */; };
		6526F8DB25786D7800538E14 /* Main.storyboard in Resources */ = {isa = PBXBuildFile; fileRef = 6526F8D925786D7800538E14 /* Main.storyboard */; };
		6526F8DD25786D7A00538E14 /* Assets.xcassets in Resources */ = {isa = PBXBuildFile; fileRef = 6526F8DC25786D7A00538E14 /* Assets.xcassets */; };
		6526F8E025786D7A00538E14 /* LaunchScreen.storyboard in Resources */ = {isa = PBXBuildFile; fileRef = 6526F8DE25786D7A00538E14 /* LaunchScreen.storyboard */; };
		65339509257F1A05004DF69B /* NetworkController.swift in Sources */ = {isa = PBXBuildFile; fileRef = 65339508257F1A05004DF69B /* NetworkController.swift */; };
		6533950C257F1A28004DF69B /* PhotoInfo.swift in Sources */ = {isa = PBXBuildFile; fileRef = 6533950B257F1A28004DF69B /* PhotoInfo.swift */; };
		653395162580751E004DF69B /* AstronomyTests.swift in Sources */ = {isa = PBXBuildFile; fileRef = 653395152580751E004DF69B /* AstronomyTests.swift */; };
		6533952025819874004DF69B /* URLProtocolMock.swift in Sources */ = {isa = PBXBuildFile; fileRef = 6533951F25819874004DF69B /* URLProtocolMock.swift */; };
		65BB9CD9257DAA4C00967597 /* ImageViewController.swift in Sources */ = {isa = PBXBuildFile; fileRef = 65BB9CD8257DAA4C00967597 /* ImageViewController.swift */; };
/* End PBXBuildFile section */

/* Begin PBXContainerItemProxy section */
		653395182580751E004DF69B /* PBXContainerItemProxy */ = {
			isa = PBXContainerItemProxy;
			containerPortal = 6526F8C825786D7800538E14 /* Project object */;
			proxyType = 1;
			remoteGlobalIDString = 6526F8CF25786D7800538E14;
			remoteInfo = Astronomy;
		};
/* End PBXContainerItemProxy section */

/* Begin PBXFileReference section */
		6526F8D025786D7800538E14 /* Astronomy.app */ = {isa = PBXFileReference; explicitFileType = wrapper.application; includeInIndex = 0; path = Astronomy.app; sourceTree = BUILT_PRODUCTS_DIR; };
		6526F8D325786D7800538E14 /* AppDelegate.swift */ = {isa = PBXFileReference; lastKnownFileType = sourcecode.swift; path = AppDelegate.swift; sourceTree = "<group>"; };
		6526F8D525786D7800538E14 /* SceneDelegate.swift */ = {isa = PBXFileReference; lastKnownFileType = sourcecode.swift; path = SceneDelegate.swift; sourceTree = "<group>"; };
		6526F8D725786D7800538E14 /* ViewController.swift */ = {isa = PBXFileReference; lastKnownFileType = sourcecode.swift; path = ViewController.swift; sourceTree = "<group>"; };
		6526F8DA25786D7800538E14 /* Base */ = {isa = PBXFileReference; lastKnownFileType = file.storyboard; name = Base; path = Base.lproj/Main.storyboard; sourceTree = "<group>"; };
		6526F8DC25786D7A00538E14 /* Assets.xcassets */ = {isa = PBXFileReference; lastKnownFileType = folder.assetcatalog; path = Assets.xcassets; sourceTree = "<group>"; };
		6526F8DF25786D7A00538E14 /* Base */ = {isa = PBXFileReference; lastKnownFileType = file.storyboard; name = Base; path = Base.lproj/LaunchScreen.storyboard; sourceTree = "<group>"; };
		6526F8E125786D7A00538E14 /* Info.plist */ = {isa = PBXFileReference; lastKnownFileType = text.plist.xml; path = Info.plist; sourceTree = "<group>"; };
		65339508257F1A05004DF69B /* NetworkController.swift */ = {isa = PBXFileReference; lastKnownFileType = sourcecode.swift; path = NetworkController.swift; sourceTree = "<group>"; };
		6533950B257F1A28004DF69B /* PhotoInfo.swift */ = {isa = PBXFileReference; lastKnownFileType = sourcecode.swift; path = PhotoInfo.swift; sourceTree = "<group>"; };
		653395132580751E004DF69B /* AstronomyTests.xctest */ = {isa = PBXFileReference; explicitFileType = wrapper.cfbundle; includeInIndex = 0; path = AstronomyTests.xctest; sourceTree = BUILT_PRODUCTS_DIR; };
		653395152580751E004DF69B /* AstronomyTests.swift */ = {isa = PBXFileReference; lastKnownFileType = sourcecode.swift; path = AstronomyTests.swift; sourceTree = "<group>"; };
		653395172580751E004DF69B /* Info.plist */ = {isa = PBXFileReference; lastKnownFileType = text.plist.xml; path = Info.plist; sourceTree = "<group>"; };
		6533951F25819874004DF69B /* URLProtocolMock.swift */ = {isa = PBXFileReference; lastKnownFileType = sourcecode.swift; path = URLProtocolMock.swift; sourceTree = "<group>"; };
		65BB9CD8257DAA4C00967597 /* ImageViewController.swift */ = {isa = PBXFileReference; lastKnownFileType = sourcecode.swift; path = ImageViewController.swift; sourceTree = "<group>"; };
/* End PBXFileReference section */

/* Begin PBXFrameworksBuildPhase section */
		6526F8CD25786D7800538E14 /* Frameworks */ = {
			isa = PBXFrameworksBuildPhase;
			buildActionMask = 2147483647;
			files = (
			);
			runOnlyForDeploymentPostprocessing = 0;
		};
		653395102580751E004DF69B /* Frameworks */ = {
			isa = PBXFrameworksBuildPhase;
			buildActionMask = 2147483647;
			files = (
			);
			runOnlyForDeploymentPostprocessing = 0;
		};
/* End PBXFrameworksBuildPhase section */

/* Begin PBXGroup section */
		6526F8C725786D7800538E14 = {
			isa = PBXGroup;
			children = (
				6526F8D225786D7800538E14 /* Astronomy */,
				653395142580751E004DF69B /* AstronomyTests */,
				6526F8D125786D7800538E14 /* Products */,
			);
			sourceTree = "<group>";
		};
		6526F8D125786D7800538E14 /* Products */ = {
			isa = PBXGroup;
			children = (
				6526F8D025786D7800538E14 /* Astronomy.app */,
				653395132580751E004DF69B /* AstronomyTests.xctest */,
			);
			name = Products;
			sourceTree = "<group>";
		};
		6526F8D225786D7800538E14 /* Astronomy */ = {
			isa = PBXGroup;
			children = (
				6533951F25819874004DF69B /* URLProtocolMock.swift */,
				65BB9CD8257DAA4C00967597 /* ImageViewController.swift */,
				65339508257F1A05004DF69B /* NetworkController.swift */,
				6533950B257F1A28004DF69B /* PhotoInfo.swift */,
				6526F8D725786D7800538E14 /* ViewController.swift */,
				6526F8D925786D7800538E14 /* Main.storyboard */,
				65BB9CC52579E83A00967597 /* Supporting Files */,
				6526F8E125786D7A00538E14 /* Info.plist */,
			);
			path = Astronomy;
			sourceTree = "<group>";
		};
		653395142580751E004DF69B /* AstronomyTests */ = {
			isa = PBXGroup;
			children = (
				653395152580751E004DF69B /* AstronomyTests.swift */,
				653395172580751E004DF69B /* Info.plist */,
			);
			path = AstronomyTests;
			sourceTree = "<group>";
		};
		65BB9CC52579E83A00967597 /* Supporting Files */ = {
			isa = PBXGroup;
			children = (
				6526F8DE25786D7A00538E14 /* LaunchScreen.storyboard */,
				6526F8DC25786D7A00538E14 /* Assets.xcassets */,
				6526F8D325786D7800538E14 /* AppDelegate.swift */,
				6526F8D525786D7800538E14 /* SceneDelegate.swift */,
			);
			path = "Supporting Files";
			sourceTree = "<group>";
		};
/* End PBXGroup section */

/* Begin PBXNativeTarget section */
		6526F8CF25786D7800538E14 /* Astronomy */ = {
			isa = PBXNativeTarget;
			buildConfigurationList = 6526F8E425786D7A00538E14 /* Build configuration list for PBXNativeTarget "Astronomy" */;
			buildPhases = (
				6526F8CC25786D7800538E14 /* Sources */,
				6526F8CD25786D7800538E14 /* Frameworks */,
				6526F8CE25786D7800538E14 /* Resources */,
			);
			buildRules = (
			);
			dependencies = (
			);
			name = Astronomy;
			productName = Astronomy;
			productReference = 6526F8D025786D7800538E14 /* Astronomy.app */;
			productType = "com.apple.product-type.application";
		};
		653395122580751E004DF69B /* AstronomyTests */ = {
			isa = PBXNativeTarget;
			buildConfigurationList = 6533951A2580751E004DF69B /* Build configuration list for PBXNativeTarget "AstronomyTests" */;
			buildPhases = (
				6533950F2580751E004DF69B /* Sources */,
				653395102580751E004DF69B /* Frameworks */,
				653395112580751E004DF69B /* Resources */,
			);
			buildRules = (
			);
			dependencies = (
				653395192580751E004DF69B /* PBXTargetDependency */,
			);
			name = AstronomyTests;
			productName = AstronomyTests;
			productReference = 653395132580751E004DF69B /* AstronomyTests.xctest */;
			productType = "com.apple.product-type.bundle.unit-test";
		};
/* End PBXNativeTarget section */

/* Begin PBXProject section */
		6526F8C825786D7800538E14 /* Project object */ = {
			isa = PBXProject;
			attributes = {
				LastSwiftUpdateCheck = 1220;
				LastUpgradeCheck = 1220;
				TargetAttributes = {
					6526F8CF25786D7800538E14 = {
						CreatedOnToolsVersion = 12.2;
					};
					653395122580751E004DF69B = {
						CreatedOnToolsVersion = 12.2;
						TestTargetID = 6526F8CF25786D7800538E14;
					};
				};
			};
			buildConfigurationList = 6526F8CB25786D7800538E14 /* Build configuration list for PBXProject "Astronomy" */;
			compatibilityVersion = "Xcode 9.3";
			developmentRegion = en;
			hasScannedForEncodings = 0;
			knownRegions = (
				en,
				Base,
			);
			mainGroup = 6526F8C725786D7800538E14;
			productRefGroup = 6526F8D125786D7800538E14 /* Products */;
			projectDirPath = "";
			projectRoot = "";
			targets = (
				6526F8CF25786D7800538E14 /* Astronomy */,
				653395122580751E004DF69B /* AstronomyTests */,
			);
		};
/* End PBXProject section */

/* Begin PBXResourcesBuildPhase section */
		6526F8CE25786D7800538E14 /* Resources */ = {
			isa = PBXResourcesBuildPhase;
			buildActionMask = 2147483647;
			files = (
				6526F8E025786D7A00538E14 /* LaunchScreen.storyboard in Resources */,
				6526F8DD25786D7A00538E14 /* Assets.xcassets in Resources */,
				6526F8DB25786D7800538E14 /* Main.storyboard in Resources */,
			);
			runOnlyForDeploymentPostprocessing = 0;
		};
		653395112580751E004DF69B /* Resources */ = {
			isa = PBXResourcesBuildPhase;
			buildActionMask = 2147483647;
			files = (
			);
			runOnlyForDeploymentPostprocessing = 0;
		};
/* End PBXResourcesBuildPhase section */

/* Begin PBXSourcesBuildPhase section */
		6526F8CC25786D7800538E14 /* Sources */ = {
			isa = PBXSourcesBuildPhase;
			buildActionMask = 2147483647;
			files = (
				6533950C257F1A28004DF69B /* PhotoInfo.swift in Sources */,
				65339509257F1A05004DF69B /* NetworkController.swift in Sources */,
				6526F8D825786D7800538E14 /* ViewController.swift in Sources */,
				6526F8D425786D7800538E14 /* AppDelegate.swift in Sources */,
				65BB9CD9257DAA4C00967597 /* ImageViewController.swift in Sources */,
				6533952025819874004DF69B /* URLProtocolMock.swift in Sources */,
				6526F8D625786D7800538E14 /* SceneDelegate.swift in Sources */,
			);
			runOnlyForDeploymentPostprocessing = 0;
		};
		6533950F2580751E004DF69B /* Sources */ = {
			isa = PBXSourcesBuildPhase;
			buildActionMask = 2147483647;
			files = (
				653395162580751E004DF69B /* AstronomyTests.swift in Sources */,
			);
			runOnlyForDeploymentPostprocessing = 0;
		};
/* End PBXSourcesBuildPhase section */

/* Begin PBXTargetDependency section */
		653395192580751E004DF69B /* PBXTargetDependency */ = {
			isa = PBXTargetDependency;
			target = 6526F8CF25786D7800538E14 /* Astronomy */;
			targetProxy = 653395182580751E004DF69B /* PBXContainerItemProxy */;
		};
/* End PBXTargetDependency section */

/* Begin PBXVariantGroup section */
		6526F8D925786D7800538E14 /* Main.storyboard */ = {
			isa = PBXVariantGroup;
			children = (
				6526F8DA25786D7800538E14 /* Base */,
			);
			name = Main.storyboard;
			sourceTree = "<group>";
		};
		6526F8DE25786D7A00538E14 /* LaunchScreen.storyboard */ = {
			isa = PBXVariantGroup;
			children = (
				6526F8DF25786D7A00538E14 /* Base */,
			);
			name = LaunchScreen.storyboard;
			sourceTree = "<group>";
		};
/* End PBXVariantGroup section */

/* Begin XCBuildConfiguration section */
		6526F8E225786D7A00538E14 /* Debug */ = {
			isa = XCBuildConfiguration;
			buildSettings = {
				ALWAYS_SEARCH_USER_PATHS = NO;
				CLANG_ANALYZER_NONNULL = YES;
				CLANG_ANALYZER_NUMBER_OBJECT_CONVERSION = YES_AGGRESSIVE;
				CLANG_CXX_LANGUAGE_STANDARD = "gnu++14";
				CLANG_CXX_LIBRARY = "libc++";
				CLANG_ENABLE_MODULES = YES;
				CLANG_ENABLE_OBJC_ARC = YES;
				CLANG_ENABLE_OBJC_WEAK = YES;
				CLANG_WARN_BLOCK_CAPTURE_AUTORELEASING = YES;
				CLANG_WARN_BOOL_CONVERSION = YES;
				CLANG_WARN_COMMA = YES;
				CLANG_WARN_CONSTANT_CONVERSION = YES;
				CLANG_WARN_DEPRECATED_OBJC_IMPLEMENTATIONS = YES;
				CLANG_WARN_DIRECT_OBJC_ISA_USAGE = YES_ERROR;
				CLANG_WARN_DOCUMENTATION_COMMENTS = YES;
				CLANG_WARN_EMPTY_BODY = YES;
				CLANG_WARN_ENUM_CONVERSION = YES;
				CLANG_WARN_INFINITE_RECURSION = YES;
				CLANG_WARN_INT_CONVERSION = YES;
				CLANG_WARN_NON_LITERAL_NULL_CONVERSION = YES;
				CLANG_WARN_OBJC_IMPLICIT_RETAIN_SELF = YES;
				CLANG_WARN_OBJC_LITERAL_CONVERSION = YES;
				CLANG_WARN_OBJC_ROOT_CLASS = YES_ERROR;
				CLANG_WARN_QUOTED_INCLUDE_IN_FRAMEWORK_HEADER = YES;
				CLANG_WARN_RANGE_LOOP_ANALYSIS = YES;
				CLANG_WARN_STRICT_PROTOTYPES = YES;
				CLANG_WARN_SUSPICIOUS_MOVE = YES;
				CLANG_WARN_UNGUARDED_AVAILABILITY = YES_AGGRESSIVE;
				CLANG_WARN_UNREACHABLE_CODE = YES;
				CLANG_WARN__DUPLICATE_METHOD_MATCH = YES;
				COPY_PHASE_STRIP = NO;
				DEBUG_INFORMATION_FORMAT = dwarf;
				ENABLE_STRICT_OBJC_MSGSEND = YES;
				ENABLE_TESTABILITY = YES;
				GCC_C_LANGUAGE_STANDARD = gnu11;
				GCC_DYNAMIC_NO_PIC = NO;
				GCC_NO_COMMON_BLOCKS = YES;
				GCC_OPTIMIZATION_LEVEL = 0;
				GCC_PREPROCESSOR_DEFINITIONS = (
					"DEBUG=1",
					"$(inherited)",
				);
				GCC_WARN_64_TO_32_BIT_CONVERSION = YES;
				GCC_WARN_ABOUT_RETURN_TYPE = YES_ERROR;
				GCC_WARN_UNDECLARED_SELECTOR = YES;
				GCC_WARN_UNINITIALIZED_AUTOS = YES_AGGRESSIVE;
				GCC_WARN_UNUSED_FUNCTION = YES;
				GCC_WARN_UNUSED_VARIABLE = YES;
				IPHONEOS_DEPLOYMENT_TARGET = 14.2;
				MTL_ENABLE_DEBUG_INFO = INCLUDE_SOURCE;
				MTL_FAST_MATH = YES;
				ONLY_ACTIVE_ARCH = YES;
				SDKROOT = iphoneos;
				SWIFT_ACTIVE_COMPILATION_CONDITIONS = DEBUG;
				SWIFT_OPTIMIZATION_LEVEL = "-Onone";
			};
			name = Debug;
		};
		6526F8E325786D7A00538E14 /* Release */ = {
			isa = XCBuildConfiguration;
			buildSettings = {
				ALWAYS_SEARCH_USER_PATHS = NO;
				CLANG_ANALYZER_NONNULL = YES;
				CLANG_ANALYZER_NUMBER_OBJECT_CONVERSION = YES_AGGRESSIVE;
				CLANG_CXX_LANGUAGE_STANDARD = "gnu++14";
				CLANG_CXX_LIBRARY = "libc++";
				CLANG_ENABLE_MODULES = YES;
				CLANG_ENABLE_OBJC_ARC = YES;
				CLANG_ENABLE_OBJC_WEAK = YES;
				CLANG_WARN_BLOCK_CAPTURE_AUTORELEASING = YES;
				CLANG_WARN_BOOL_CONVERSION = YES;
				CLANG_WARN_COMMA = YES;
				CLANG_WARN_CONSTANT_CONVERSION = YES;
				CLANG_WARN_DEPRECATED_OBJC_IMPLEMENTATIONS = YES;
				CLANG_WARN_DIRECT_OBJC_ISA_USAGE = YES_ERROR;
				CLANG_WARN_DOCUMENTATION_COMMENTS = YES;
				CLANG_WARN_EMPTY_BODY = YES;
				CLANG_WARN_ENUM_CONVERSION = YES;
				CLANG_WARN_INFINITE_RECURSION = YES;
				CLANG_WARN_INT_CONVERSION = YES;
				CLANG_WARN_NON_LITERAL_NULL_CONVERSION = YES;
				CLANG_WARN_OBJC_IMPLICIT_RETAIN_SELF = YES;
				CLANG_WARN_OBJC_LITERAL_CONVERSION = YES;
				CLANG_WARN_OBJC_ROOT_CLASS = YES_ERROR;
				CLANG_WARN_QUOTED_INCLUDE_IN_FRAMEWORK_HEADER = YES;
				CLANG_WARN_RANGE_LOOP_ANALYSIS = YES;
				CLANG_WARN_STRICT_PROTOTYPES = YES;
				CLANG_WARN_SUSPICIOUS_MOVE = YES;
				CLANG_WARN_UNGUARDED_AVAILABILITY = YES_AGGRESSIVE;
				CLANG_WARN_UNREACHABLE_CODE = YES;
				CLANG_WARN__DUPLICATE_METHOD_MATCH = YES;
				COPY_PHASE_STRIP = NO;
				DEBUG_INFORMATION_FORMAT = "dwarf-with-dsym";
				ENABLE_NS_ASSERTIONS = NO;
				ENABLE_STRICT_OBJC_MSGSEND = YES;
				GCC_C_LANGUAGE_STANDARD = gnu11;
				GCC_NO_COMMON_BLOCKS = YES;
				GCC_WARN_64_TO_32_BIT_CONVERSION = YES;
				GCC_WARN_ABOUT_RETURN_TYPE = YES_ERROR;
				GCC_WARN_UNDECLARED_SELECTOR = YES;
				GCC_WARN_UNINITIALIZED_AUTOS = YES_AGGRESSIVE;
				GCC_WARN_UNUSED_FUNCTION = YES;
				GCC_WARN_UNUSED_VARIABLE = YES;
				IPHONEOS_DEPLOYMENT_TARGET = 14.2;
				MTL_ENABLE_DEBUG_INFO = NO;
				MTL_FAST_MATH = YES;
				SDKROOT = iphoneos;
				SWIFT_COMPILATION_MODE = wholemodule;
				SWIFT_OPTIMIZATION_LEVEL = "-O";
				VALIDATE_PRODUCT = YES;
			};
			name = Release;
		};
		6526F8E525786D7A00538E14 /* Debug */ = {
			isa = XCBuildConfiguration;
			buildSettings = {
				ASSETCATALOG_COMPILER_APPICON_NAME = AppIcon;
				ASSETCATALOG_COMPILER_GLOBAL_ACCENT_COLOR_NAME = AccentColor;
				CODE_SIGN_STYLE = Automatic;
				INFOPLIST_FILE = Astronomy/Info.plist;
				LD_RUNPATH_SEARCH_PATHS = (
					"$(inherited)",
					"@executable_path/Frameworks",
				);
				PRODUCT_BUNDLE_IDENTIFIER = ann.navarrete.Astronomy;
				PRODUCT_NAME = "$(TARGET_NAME)";
				SWIFT_VERSION = 5.0;
				TARGETED_DEVICE_FAMILY = "1,2";
			};
			name = Debug;
		};
		6526F8E625786D7A00538E14 /* Release */ = {
			isa = XCBuildConfiguration;
			buildSettings = {
				ASSETCATALOG_COMPILER_APPICON_NAME = AppIcon;
				ASSETCATALOG_COMPILER_GLOBAL_ACCENT_COLOR_NAME = AccentColor;
				CODE_SIGN_STYLE = Automatic;
				INFOPLIST_FILE = Astronomy/Info.plist;
				LD_RUNPATH_SEARCH_PATHS = (
					"$(inherited)",
					"@executable_path/Frameworks",
				);
				PRODUCT_BUNDLE_IDENTIFIER = ann.navarrete.Astronomy;
				PRODUCT_NAME = "$(TARGET_NAME)";
				SWIFT_VERSION = 5.0;
				TARGETED_DEVICE_FAMILY = "1,2";
			};
			name = Release;
		};
		6533951B2580751E004DF69B /* Debug */ = {
			isa = XCBuildConfiguration;
			buildSettings = {
				BUNDLE_LOADER = "$(TEST_HOST)";
				CODE_SIGN_STYLE = Automatic;
				INFOPLIST_FILE = AstronomyTests/Info.plist;
				LD_RUNPATH_SEARCH_PATHS = (
					"$(inherited)",
					"@executable_path/Frameworks",
					"@loader_path/Frameworks",
				);
				PRODUCT_BUNDLE_IDENTIFIER = ann.navarrete.AstronomyTests;
				PRODUCT_NAME = "$(TARGET_NAME)";
				SWIFT_VERSION = 5.0;
				TARGETED_DEVICE_FAMILY = "1,2";
				TEST_HOST = "$(BUILT_PRODUCTS_DIR)/Astronomy.app/Astronomy";
			};
			name = Debug;
		};
		6533951C2580751E004DF69B /* Release */ = {
			isa = XCBuildConfiguration;
			buildSettings = {
				BUNDLE_LOADER = "$(TEST_HOST)";
				CODE_SIGN_STYLE = Automatic;
				INFOPLIST_FILE = AstronomyTests/Info.plist;
				LD_RUNPATH_SEARCH_PATHS = (
					"$(inherited)",
					"@executable_path/Frameworks",
					"@loader_path/Frameworks",
				);
				PRODUCT_BUNDLE_IDENTIFIER = ann.navarrete.AstronomyTests;
				PRODUCT_NAME = "$(TARGET_NAME)";
				SWIFT_VERSION = 5.0;
				TARGETED_DEVICE_FAMILY = "1,2";
				TEST_HOST = "$(BUILT_PRODUCTS_DIR)/Astronomy.app/Astronomy";
			};
			name = Release;
		};
/* End XCBuildConfiguration section */

/* Begin XCConfigurationList section */
		6526F8CB25786D7800538E14 /* Build configuration list for PBXProject "Astronomy" */ = {
			isa = XCConfigurationList;
			buildConfigurations = (
				6526F8E225786D7A00538E14 /* Debug */,
				6526F8E325786D7A00538E14 /* Release */,
			);
			defaultConfigurationIsVisible = 0;
			defaultConfigurationName = Release;
		};
		6526F8E425786D7A00538E14 /* Build configuration list for PBXNativeTarget "Astronomy" */ = {
			isa = XCConfigurationList;
			buildConfigurations = (
				6526F8E525786D7A00538E14 /* Debug */,
				6526F8E625786D7A00538E14 /* Release */,
			);
			defaultConfigurationIsVisible = 0;
			defaultConfigurationName = Release;
		};
		6533951A2580751E004DF69B /* Build configuration list for PBXNativeTarget "AstronomyTests" */ = {
			isa = XCConfigurationList;
			buildConfigurations = (
				6533951B2580751E004DF69B /* Debug */,
				6533951C2580751E004DF69B /* Release */,
			);
			defaultConfigurationIsVisible = 0;
			defaultConfigurationName = Release;
		};
/* End XCConfigurationList section */
	};
	rootObject = 6526F8C825786D7800538E14 /* Project object */;
}
